github.com/gethugothemes/hugo-modules/components/cookie-consent v0.0.0-20220419050442-4d0cbaa3f6dc h1:HVqfW/1NJeVXqV1F89Ng2joWG6PwLrFHoFX+kHbYgRY=
github.com/gethugothemes/hugo-modules/components/cookie-consent v0.0.0-20220419050442-4d0cbaa3f6dc/go.mod h1:sWzPbaJoZU+0ca82cv8xynDdCaFdr1WHMK1PTrK0EiM=
github.com/gethugothemes/hugo-modules/components/cookie-consent v0.0.0-20220509155302-5976ca1fea3c h1:LgtsZFOnksq9yPsUvsE7P0lnpXCBYRXyEzfZcFc1O/s=
github.com/gethugothemes/hugo-modules/components/cookie-consent v0.0.0-20220509155302-5976ca1fea3c/go.mod h1:sWzPbaJoZU+0ca82cv8xynDdCaFdr1WHMK1PTrK0EiM=
github.com/gethugothemes/hugo-modules/components/cookie-consent v0.0.0-20220520053131-d99d4624c934 h1:RbXYfNuJugb+jTD3+HU+Kcv6qXWqPT/jhDm5AOtbca8=
github.com/gethugothemes/hugo-modules/components/cookie-consent v0.0.0-20220520053131-d99d4624c934/go.mod h1:sWzPbaJoZU+0ca82cv8xynDdCaFdr1WHMK1PTrK0EiM=
github.com/gethugothemes/hugo-modules/components/crisp-chat v0.0.0-20220419050442-4d0cbaa3f6dc h1:G89UEdvOFXWGok4LJzB0DLa/x8stu2LH1lgqKZXUNQU=
github.com/gethugothemes/hugo-modules/components/crisp-chat v0.0.0-20220419050442-4d0cbaa3f6dc/go.mod h1:/L7x+khoD2wloSHE6aPw4Pa/70IWn6aLaSDYP10qasc=
github.com/gethugothemes/hugo-modules/components/crisp-chat v0.0.0-20220509155302-5976ca1fea3c h1:uyc0SKUySEbmbRrqfjir1hNI+tzXZHkjQn0MTWvKZKs=
github.com/gethugothemes/hugo-modules/components/crisp-chat v0.0.0-20220509155302-5976ca1fea3c/go.mod h1:/L7x+khoD2wloSHE6aPw4Pa/70IWn6aLaSDYP10qasc=
github.com/gethugothemes/hugo-modules/components/crisp-chat v0.0.0-20220520053131-d99d4624c934 h1:yQwSjBeRc4T2PTV4qYTg9wpKQfFPXE+9dnOe2+XAPmQ=
github.com/gethugothemes/hugo-modules/components/crisp-chat v0.0.0-20220520053131-d99d4624c934/go.mod h1:/L7x+khoD2wloSHE6aPw4Pa/70IWn6aLaSDYP10qasc=
github.com/gethugothemes/hugo-modules/components/crisp-chat v0.0.0-20220928070555-df11ed43c2ec h1:5TW+/lHGgvB5qGYa1Q2ZxUUeauMMWfqBojAlO09Xa3M=
github.com/gethugothemes/hugo-modules/components/crisp-chat v0.0.0-20220928070555-df11ed43c2ec/go.mod h1:/L7x+khoD2wloSHE6aPw4Pa/70IWn6aLaSDYP10qasc=
github.com/gethugothemes/hugo-modules/components/preloader v0.0.0-20220419050442-4d0cbaa3f6dc h1:tV2Ottsw/Fm0RtCZTFrumcO8TkCTlS07Dr+STchanLk=
github.com/gethugothemes/hugo-modules/components/preloader v0.0.0-20220419050442-4d0cbaa3f6dc/go.mod h1:cge+6t2v+Z8CO/K94FwP7uMZoF+bzA0ctxaLh1WHrHc=
github.com/gethugothemes/hugo-modules/components/preloader v0.0.0-20220509155302-5976ca1fea3c h1:zkfTMboBpLdWqG+KwsNG8+Cx8SDwWhrQ3UnqLW9i+Y0=
github.com/gethugothemes/hugo-modules/components/preloader v0.0.0-20220509155302-5976ca1fea3c/go.mod h1:cge+6t2v+Z8CO/K94FwP7uMZoF+bzA0ctxaLh1WHrHc=
github.com/gethugothemes/hugo-modules/components/preloader v0.0.0-20220520053131-d99d4624c934 h1:d0Lpm4QhlSBP/4MykvLYwh/oRRIIqMmOQa+qFDv5Khc=
github.com/gethugothemes/hugo-modules/components/preloader v0.0.0-20220520053131-d99d4624c934/go.mod h1:cge+6t2v+Z8CO/K94FwP7uMZoF+bzA0ctxaLh1WHrHc=
github.com/gethugothemes/hugo-modules/components/preloader v0.0.0-20220928070555-df11ed43c2ec h1:txLqXRtksvsoHdsN5WwYVpw/e1f2F3TM5rkrgp+2VOg=
github.com/gethugothemes/hugo-modules/components/preloader v0.0.0-20220928070555-df11ed43c2ec/go.mod h1:cge+6t2v+Z8CO/K94FwP7uMZoF+bzA0ctxaLh1WHrHc=
github.com/gethugothemes/hugo-modules/components/render-link v0.0.0-20220419050442-4d0cbaa3f6dc h1:wq4ugsuQczf+mcNj+cQTse+CGd+huKwKkHDtvRq4zTw=
github.com/gethugothemes/hugo-modules/components/render-link v0.0.0-20220419050442-4d0cbaa3f6dc/go.mod h1:+TDlxJ8OIYePBAcGVJVBXjEtawfvXU6ulU8w4LEgyOI=
github.com/gethugothemes/hugo-modules/components/render-link v0.0.0-20220509155302-5976ca1fea3c h1:gBzSA03cHfjcIC9rBumHwbf0M4IFrBGo4E4Y+WTZmNQ=
github.com/gethugothemes/hugo-modules/components/render-link v0.0.0-20220509155302-5976ca1fea3c/go.mod h1:+TDlxJ8OIYePBAcGVJVBXjEtawfvXU6ulU8w4LEgyOI=
github.com/gethugothemes/hugo-modules/components/render-link v0.0.0-20220520053131-d99d4624c934 h1:/W+5pndtVocQ4Ij81mGn5fVZnDOomslQw3/MHSRy+/0=
github.com/gethugothemes/hugo-modules/components/render-link v0.0.0-20220520053131-d99d4624c934/go.mod h1:+TDlxJ8OIYePBAcGVJVBXjEtawfvXU6ulU8w4LEgyOI=
github.com/gethugothemes/hugo-modules/components/render-link v0.0.0-20220928070555-df11ed43c2ec h1:WVUMCsQTvFoeAVcTxE6jWtg+8R/6dt3Qynkns2nsNSc=
github.com/gethugothemes/hugo-modules/components/render-link v0.0.0-20220928070555-df11ed43c2ec/go.mod h1:+TDlxJ8OIYePBAcGVJVBXjEtawfvXU6ulU8w4LEgyOI=
github.com/gethugothemes/hugo-modules/components/social-share v0.0.0-20220419050442-4d0cbaa3f6dc h1:Xd5LtEDs7HLm1LPxrybfzzNpYAIq7ySDgiwnfktklR4=
github.com/gethugothemes/hugo-modules/components/social-share v0.0.0-20220419050442-4d0cbaa3f6dc/go.mod h1:v5oZkYiFVUGtOO2DLYLaKaKQ3wvoX9hhRqtKK2hfVHs=
github.com/gethugothemes/hugo-modules/components/social-share v0.0.0-20220509155302-5976ca1fea3c h1:ff19ru+04+3s5TlRySqN5QnNOQhv8MjBYtY4cjleUu8=
github.com/gethugothemes/hugo-modules/components/social-share v0.0.0-20220509155302-5976ca1fea3c/go.mod h1:v5oZkYiFVUGtOO2DLYLaKaKQ3wvoX9hhRqtKK2hfVHs=
github.com/gethugothemes/hugo-modules/components/social-share v0.0.0-20220520053131-d99d4624c934 h1:abbg+P+FO3QNJRU9N+IwWkkcBWGNLAtE/dOC4MB5xMU=
github.com/gethugothemes/hugo-modules/components/social-share v0.0.0-20220520053131-d99d4624c934/go.mod h1:v5oZkYiFVUGtOO2DLYLaKaKQ3wvoX9hhRqtKK2hfVHs=
github.com/gethugothemes/hugo-modules/components/social-share v0.0.0-20220928070555-df11ed43c2ec h1:OkONa3pSRMrLq/4tdjpnciRURc/wP3vFfo7JfPgrB6Q=
github.com/gethugothemes/hugo-modules/components/social-share v0.0.0-20220928070555-df11ed43c2ec/go.mod h1:v5oZkYiFVUGtOO2DLYLaKaKQ3wvoX9hhRqtKK2hfVHs=
github.com/gethugothemes/hugo-modules/components/valine-comment v0.0.0-20220419050442-4d0cbaa3f6dc h1:WUUztpV3N4Nm2rdxNuN4YHeqAAwENJTvcS/6W/R1vQY=
github.com/gethugothemes/hugo-modules/components/valine-comment v0.0.0-20220419050442-4d0cbaa3f6dc/go.mod h1:q8rNqaMkS6gexC3UBzWgbzLoOPRCCsTH/RcpxRMR984=
github.com/gethugothemes/hugo-modules/components/valine-comment v0.0.0-20220509155302-5976ca1fea3c h1:AxwqoJvCN0mEQwKmETo2Luq7chgtsFTLfQkIZUWZOtI=
github.com/gethugothemes/hugo-modules/components/valine-comment v0.0.0-20220509155302-5976ca1fea3c/go.mod h1:q8rNqaMkS6gexC3UBzWgbzLoOPRCCsTH/RcpxRMR984=
github.com/gethugothemes/hugo-modules/components/valine-comment v0.0.0-20220520053131-d99d4624c934 h1:q/IGQaaHNcGM1WxhsyNOjaDNGS9MFdXdB1pjStli+Sg=
github.com/gethugothemes/hugo-modules/components/valine-comment v0.0.0-20220520053131-d99d4624c934/go.mod h1:q8rNqaMkS6gexC3UBzWgbzLoOPRCCsTH/RcpxRMR984=
github.com/gethugothemes/hugo-modules/gzip-caching v0.0.0-20220419050442-4d0cbaa3f6dc h1:qTSqNVaOoMsHgAL7+G/sV5IX1LBgOZO5OukzZj8RKZc=
github.com/gethugothemes/hugo-modules/gzip-caching v0.0.0-20220419050442-4d0cbaa3f6dc/go.mod h1:L6OgQZzB2qmj5499M4XSAvUXKG/vo6Sgmyaosjsjj84=
github.com/gethugothemes/hugo-modules/gzip-caching v0.0.0-20220509155302-5976ca1fea3c h1:aTpltRhA5khcKUc8vZb5nKtsDPQXiFcu2w2qg8qqKD0=
github.com/gethugothemes/hugo-modules/gzip-caching v0.0.0-20220509155302-5976ca1fea3c/go.mod h1:L6OgQZzB2qmj5499M4XSAvUXKG/vo6Sgmyaosjsjj84=
github.com/gethugothemes/hugo-modules/gzip-caching v0.0.0-20220520053131-d99d4624c934 h1:ngTwYPwl/XRI2Dc5u+JQxcmN44SZjGVoP4pKVVYeabg=
github.com/gethugothemes/hugo-modules/gzip-caching v0.0.0-20220520053131-d99d4624c934/go.mod h1:L6OgQZzB2qmj5499M4XSAvUXKG/vo6Sgmyaosjsjj84=
github.com/gethugothemes/hugo-modules/gzip-caching v0.0.0-20220928070555-df11ed43c2ec h1:BYnysoib343Cel/zlt6udFr0S4hj+D1ZbE6gWIikEbQ=
github.com/gethugothemes/hugo-modules/gzip-caching v0.0.0-20220928070555-df11ed43c2ec/go.mod h1:L6OgQZzB2qmj5499M4XSAvUXKG/vo6Sgmyaosjsjj84=
github.com/gethugothemes/hugo-modules/icons/font-awesome v0.0.0-20220419050442-4d0cbaa3f6dc h1:rGw1oTZHb1+rNKu0xUTx7N99MrBDyfvxZgnaBjpbSSM=
github.com/gethugothemes/hugo-modules/icons/font-awesome v0.0.0-20220419050442-4d0cbaa3f6dc/go.mod h1:6oWFTnmfHxtDU3t6Wj4d4lmvBg/cZLb1l5CpnfOiS0c=
github.com/gethugothemes/hugo-modules/icons/font-awesome v0.0.0-20220509155302-5976ca1fea3c h1:+MBb1L0bk0ANarjvo2TUctPaNlaq1PeewEmcFCqYzkk=
github.com/gethugothemes/hugo-modules/icons/font-awesome v0.0.0-20220509155302-5976ca1fea3c/go.mod h1:6oWFTnmfHxtDU3t6Wj4d4lmvBg/cZLb1l5CpnfOiS0c=
github.com/gethugothemes/hugo-modules/icons/font-awesome v0.0.0-20220520053131-d99d4624c934 h1:p0+mI3tmioy7Mqis2CYG4YXu1wEWTtsspEL95e6Tc5g=
github.com/gethugothemes/hugo-modules/icons/font-awesome v0.0.0-20220520053131-d99d4624c934/go.mod h1:6oWFTnmfHxtDU3t6Wj4d4lmvBg/cZLb1l5CpnfOiS0c=
github.com/gethugothemes/hugo-modules/icons/font-awesome v0.0.0-20220928070555-df11ed43c2ec h1:qc6yZNSBMPI+d5dO1KVqoBAlYQptY1w8m346A/y6wIQ=
github.com/gethugothemes/hugo-modules/icons/font-awesome v0.0.0-20220928070555-df11ed43c2ec/go.mod h1:6oWFTnmfHxtDU3t6Wj4d4lmvBg/cZLb1l5CpnfOiS0c=
github.com/gethugothemes/hugo-modules/images v0.0.0-20220419050442-4d0cbaa3f6dc h1:raYbZLh51cUmiNwMhN1wevvGfLPRGSkUdyubFqIGtTg=
github.com/gethugothemes/hugo-modules/images v0.0.0-20220419050442-4d0cbaa3f6dc/go.mod h1:kmJnNFAQo/bls1U8QpUD99FSB0ZqaiLI0NoxNIWBqg0=
github.com/gethugothemes/hugo-modules/images v0.0.0-20220509155302-5976ca1fea3c h1:p05d6vw4zW8aPOKqSWBL1cSt1MSmBP/T3jzbeD/Ck68=
github.com/gethugothemes/hugo-modules/images v0.0.0-20220509155302-5976ca1fea3c/go.mod h1:kmJnNFAQo/bls1U8QpUD99FSB0ZqaiLI0NoxNIWBqg0=
github.com/gethugothemes/hugo-modules/images v0.0.0-20220520053131-d99d4624c934 h1:X+eq8xF81kv1/FU2OYqF3ZcMb1CqdtbEbd7qdNarqUU=
github.com/gethugothemes/hugo-modules/images v0.0.0-20220520053131-d99d4624c934/go.mod h1:kmJnNFAQo/bls1U8QpUD99FSB0ZqaiLI0NoxNIWBqg0=
github.com/gethugothemes/hugo-modules/images v0.0.0-20220928070555-df11ed43c2ec h1:R2VBgncViU26UGddoED4kJWwjP5pEU7aCdjD//c/Zgo=
github.com/gethugothemes/hugo-modules/images v0.0.0-20220928070555-df11ed43c2ec/go.mod h1:kmJnNFAQo/bls1U8QpUD99FSB0ZqaiLI0NoxNIWBqg0=
github.com/gethugothemes/hugo-modules/pwa v0.0.0-20220419050442-4d0cbaa3f6dc h1:XppHj+yNSjwfipi+54ksaYWcfLcupXZU0ghz1CtuqFI=
github.com/gethugothemes/hugo-modules/pwa v0.0.0-20220419050442-4d0cbaa3f6dc/go.mod h1:Md7tUKcLT/eGRi4OTKpi3AxHxZJULdDFUL/VOAMZe24=
github.com/gethugothemes/hugo-modules/pwa v0.0.0-20220509155302-5976ca1fea3c h1:9ZEibOZLCe5Hl7ZZxtYsqsh6UKInM7N4gSKBrvfmyKo=
github.com/gethugothemes/hugo-modules/pwa v0.0.0-20220509155302-5976ca1fea3c/go.mod h1:Md7tUKcLT/eGRi4OTKpi3AxHxZJULdDFUL/VOAMZe24=
github.com/gethugothemes/hugo-modules/pwa v0.0.0-20220520053131-d99d4624c934 h1:oAu4xoHWYIonRerqd+ku+Xg6ax94MwV7IS8M6PPUiY0=
github.com/gethugothemes/hugo-modules/pwa v0.0.0-20220520053131-d99d4624c934/go.mod h1:Md7tUKcLT/eGRi4OTKpi3AxHxZJULdDFUL/VOAMZe24=
github.com/gethugothemes/hugo-modules/pwa v0.0.0-20220928070555-df11ed43c2ec h1:ord4OQtEq4WMVrq7w1RBgaHqh9VOLRRZoEZivs97EQE=
github.com/gethugothemes/hugo-modules/pwa v0.0.0-20220928070555-df11ed43c2ec/go.mod h1:Md7tUKcLT/eGRi4OTKpi3AxHxZJULdDFUL/VOAMZe24=
github.com/gethugothemes/hugo-modules/seo-tools/baidu-analytics v0.0.0-20220419050442-4d0cbaa3f6dc h1:eOd934LF/01KDeX4ZrffpKcDiiGYrRAGOU96Cyypxy4=
github.com/gethugothemes/hugo-modules/seo-tools/baidu-analytics v0.0.0-20220419050442-4d0cbaa3f6dc/go.mod h1:5nK/nKxJjbLhiYwTAsDqcJM9TuXC/XYrs+kA2l3V78g=
github.com/gethugothemes/hugo-modules/seo-tools/baidu-analytics v0.0.0-20220509155302-5976ca1fea3c h1:1uTCaDMVnFdzYaYl4VjPtAkI+unW9j+6X5NqlGtipTs=
github.com/gethugothemes/hugo-modules/seo-tools/baidu-analytics v0.0.0-20220509155302-5976ca1fea3c/go.mod h1:5nK/nKxJjbLhiYwTAsDqcJM9TuXC/XYrs+kA2l3V78g=
github.com/gethugothemes/hugo-modules/seo-tools/baidu-analytics v0.0.0-20220520053131-d99d4624c934 h1:b6SNSUjey8GV4rvvY+NbUi9ipOv3gaQtTCKXHuX6SzE=
github.com/gethugothemes/hugo-modules/seo-tools/baidu-analytics v0.0.0-20220520053131-d99d4624c934/go.mod h1:5nK/nKxJjbLhiYwTAsDqcJM9TuXC/XYrs+kA2l3V78g=
github.com/gethugothemes/hugo-modules/seo-tools/baidu-analytics v0.0.0-20220928070555-df11ed43c2ec h1:PemjxfdlpTvn8euONeCakapWEy+KsPZHkoxVEuRKd6k=
github.com/gethugothemes/hugo-modules/seo-tools/baidu-analytics v0.0.0-20220928070555-df11ed43c2ec/go.mod h1:5nK/nKxJjbLhiYwTAsDqcJM9TuXC/XYrs+kA2l3V78g=
github.com/gethugothemes/hugo-modules/seo-tools/basic-seo v0.0.0-20220419050442-4d0cbaa3f6dc h1:GxETmkM0pcoVRRB3Bn/zLdj8m4qE9GIn1SInpkojMZY=
github.com/gethugothemes/hugo-modules/seo-tools/basic-seo v0.0.0-20220419050442-4d0cbaa3f6dc/go.mod h1:1NoEXD4ibH6gAzyS4HwJqc6nXoQYUJBMpCfWdQzzm8A=
github.com/gethugothemes/hugo-modules/seo-tools/basic-seo v0.0.0-20220509155302-5976ca1fea3c h1:pWhmnir+68q7MOGmfNjYronRXiaYidJSsqI83rU8/Gw=
github.com/gethugothemes/hugo-modules/seo-tools/basic-seo v0.0.0-20220509155302-5976ca1fea3c/go.mod h1:1NoEXD4ibH6gAzyS4HwJqc6nXoQYUJBMpCfWdQzzm8A=
github.com/gethugothemes/hugo-modules/seo-tools/basic-seo v0.0.0-20220520053131-d99d4624c934 h1:rJ6m9CnOiaJ/eYyDklKwJYW1IZKZo/jxqlR5lzencv0=
github.com/gethugothemes/hugo-modules/seo-tools/basic-seo v0.0.0-20220520053131-d99d4624c934/go.mod h1:1NoEXD4ibH6gAzyS4HwJqc6nXoQYUJBMpCfWdQzzm8A=
github.com/gethugothemes/hugo-modules/seo-tools/basic-seo v0.0.0-20220928070555-df11ed43c2ec h1:a43W4IZgHcbgWQJKOOiDE58Ttv0GGH9Zka1z3mwiUp0=
github.com/gethugothemes/hugo-modules/seo-tools/basic-seo v0.0.0-20220928070555-df11ed43c2ec/go.mod h1:1NoEXD4ibH6gAzyS4HwJqc6nXoQYUJBMpCfWdQzzm8A=
github.com/gethugothemes/hugo-modules/seo-tools/counter-analytics v0.0.0-20220419050442-4d0cbaa3f6dc h1:e5F0pZ2Xq94qWcDRpAcZr8SHMb0Cc0zc005Z6MFgVVk=
github.com/gethugothemes/hugo-modules/seo-tools/counter-analytics v0.0.0-20220419050442-4d0cbaa3f6dc/go.mod h1:iTvG1ZX6AuQnVS7w2egtzlYiCFHS8ydtNkiFSf2ah+Y=
github.com/gethugothemes/hugo-modules/seo-tools/counter-analytics v0.0.0-20220509155302-5976ca1fea3c h1:bZwqqEMMHf3CrvVlwqpSUFoSLwFKd3n2WmjIA71soso=
github.com/gethugothemes/hugo-modules/seo-tools/counter-analytics v0.0.0-20220509155302-5976ca1fea3c/go.mod h1:iTvG1ZX6AuQnVS7w2egtzlYiCFHS8ydtNkiFSf2ah+Y=
github.com/gethugothemes/hugo-modules/seo-tools/counter-analytics v0.0.0-20220520053131-d99d4624c934 h1:f1vkAUOyTqz3Dw5+kAAYlFlQ2iXgSIjR8m1fAM9PoRg=
github.com/gethugothemes/hugo-modules/seo-tools/counter-analytics v0.0.0-20220520053131-d99d4624c934/go.mod h1:iTvG1ZX6AuQnVS7w2egtzlYiCFHS8ydtNkiFSf2ah+Y=
github.com/gethugothemes/hugo-modules/seo-tools/counter-analytics v0.0.0-20220928070555-df11ed43c2ec h1:UsYqSVtyW9djRnWGmWQd31pQfvQzI52VgAMFvlomSKc=
github.com/gethugothemes/hugo-modules/seo-tools/counter-analytics v0.0.0-20220928070555-df11ed43c2ec/go.mod h1:iTvG1ZX6AuQnVS7w2egtzlYiCFHS8ydtNkiFSf2ah+Y=
github.com/gethugothemes/hugo-modules/seo-tools/google-tag-manager v0.0.0-20220419050442-4d0cbaa3f6dc h1:FCVxLt9JkMzDOMPPV6EdJ35Aaf/vKLwjnIDFcYsBsk8=
github.com/gethugothemes/hugo-modules/seo-tools/google-tag-manager v0.0.0-20220419050442-4d0cbaa3f6dc/go.mod h1:zORKJDYM+W1S7BL3OD7vB/W3skoJzDude5wSS7xh7u4=
github.com/gethugothemes/hugo-modules/seo-tools/google-tag-manager v0.0.0-20220509155302-5976ca1fea3c h1:NA/nz02vM72NuHHXO3aPCPLN+sRsJHS/gFoszdxIpKo=
github.com/gethugothemes/hugo-modules/seo-tools/google-tag-manager v0.0.0-20220509155302-5976ca1fea3c/go.mod h1:zORKJDYM+W1S7BL3OD7vB/W3skoJzDude5wSS7xh7u4=
github.com/gethugothemes/hugo-modules/seo-tools/google-tag-manager v0.0.0-20220520053131-d99d4624c934 h1:LBk8K2zr5GNHAftcezrPgno+F4HxzizpVH0rmBTIjoY=
github.com/gethugothemes/hugo-modules/seo-tools/google-tag-manager v0.0.0-20220520053131-d99d4624c934/go.mod h1:zORKJDYM+W1S7BL3OD7vB/W3skoJzDude5wSS7xh7u4=
github.com/gethugothemes/hugo-modules/seo-tools/google-tag-manager v0.0.0-20220928070555-df11ed43c2ec h1:0jV7xtwf1RXemgszORZ/ub8b46DgJm6y9IhTs2YkGT0=
github.com/gethugothemes/hugo-modules/seo-tools/google-tag-manager v0.0.0-20220928070555-df11ed43c2ec/go.mod h1:zORKJDYM+W1S7BL3OD7vB/W3skoJzDude5wSS7xh7u4=
github.com/gethugothemes/hugo-modules/seo-tools/matomo-analytics v0.0.0-20220419050442-4d0cbaa3f6dc h1:Z2Q0JegxQU+/G3c6Sgey6/9P7daKg1/YjLg9GWHgPLg=
github.com/gethugothemes/hugo-modules/seo-tools/matomo-analytics v0.0.0-20220419050442-4d0cbaa3f6dc/go.mod h1:CCx/ROCbZydd/KxGwIEp/BHLSpeG7QqS04gQv/jHIv4=
github.com/gethugothemes/hugo-modules/seo-tools/matomo-analytics v0.0.0-20220509155302-5976ca1fea3c h1:7RRVK6fGjwtRsDSY5VI/xB43lVJOs9wBKhUTav65ci4=
github.com/gethugothemes/hugo-modules/seo-tools/matomo-analytics v0.0.0-20220509155302-5976ca1fea3c/go.mod h1:CCx/ROCbZydd/KxGwIEp/BHLSpeG7QqS04gQv/jHIv4=
github.com/gethugothemes/hugo-modules/seo-tools/matomo-analytics v0.0.0-20220520053131-d99d4624c934 h1:TSl24rk3gXR37ZjLo5bC0pxPG8mGOVGh8FWEvZK2INE=
github.com/gethugothemes/hugo-modules/seo-tools/matomo-analytics v0.0.0-20220520053131-d99d4624c934/go.mod h1:CCx/ROCbZydd/KxGwIEp/BHLSpeG7QqS04gQv/jHIv4=
github.com/gethugothemes/hugo-modules/seo-tools/matomo-analytics v0.0.0-20220928070555-df11ed43c2ec h1:Kia7AcZwKodELvWBWywzpKZAWwiB0criFsl9ieHg8Wc=
github.com/gethugothemes/hugo-modules/seo-tools/matomo-analytics v0.0.0-20220928070555-df11ed43c2ec/go.mod h1:CCx/ROCbZydd/KxGwIEp/BHLSpeG7QqS04gQv/jHIv4=
github.com/gethugothemes/hugo-modules/seo-tools/plausible-analytics v0.0.0-20220419050442-4d0cbaa3f6dc h1:mBRx+zgVLVm968TeTUeVk/1dbF9xt7Ag9f1MNVJjjF8=
github.com/gethugothemes/hugo-modules/seo-tools/plausible-analytics v0.0.0-20220419050442-4d0cbaa3f6dc/go.mod h1:Q/QQkcNHEAolYrtxZ8EFVCv8ah2CrHhQ3+mbPvGzmKg=
github.com/gethugothemes/hugo-modules/seo-tools/plausible-analytics v0.0.0-20220509155302-5976ca1fea3c h1:Ug8JgLzyt6h41nd/uhFzWalDWwapvU9+qybz6olZPy4=
github.com/gethugothemes/hugo-modules/seo-tools/plausible-analytics v0.0.0-20220509155302-5976ca1fea3c/go.mod h1:Q/QQkcNHEAolYrtxZ8EFVCv8ah2CrHhQ3+mbPvGzmKg=
github.com/gethugothemes/hugo-modules/seo-tools/plausible-analytics v0.0.0-20220520053131-d99d4624c934 h1:INpSlWqqsQUUAsCemfLTvy8xU1bmH1sv6SvDWt0VNMw=
github.com/gethugothemes/hugo-modules/seo-tools/plausible-analytics v0.0.0-20220520053131-d99d4624c934/go.mod h1:Q/QQkcNHEAolYrtxZ8EFVCv8ah2CrHhQ3+mbPvGzmKg=
github.com/gethugothemes/hugo-modules/seo-tools/plausible-analytics v0.0.0-20220928070555-df11ed43c2ec h1:rK6AUSqoNp8F1CIGJzSz1jdPdN8rVATXG0B0qYq+s5g=
github.com/gethugothemes/hugo-modules/seo-tools/plausible-analytics v0.0.0-20220928070555-df11ed43c2ec/go.mod h1:Q/QQkcNHEAolYrtxZ8EFVCv8ah2CrHhQ3+mbPvGzmKg=
github.com/gethugothemes/hugo-modules/seo-tools/site-verifications v0.0.0-20220419050442-4d0cbaa3f6dc h1:RAFb08T2vQzUK9I9AmxD7XlVKBpfKEFESe2RKEffJ5g=
github.com/gethugothemes/hugo-modules/seo-tools/site-verifications v0.0.0-20220419050442-4d0cbaa3f6dc/go.mod h1:tHubpePaBJfKBbNA4TVluIFU6a8XnnR+PaTScpfZE2w=
github.com/gethugothemes/hugo-modules/seo-tools/site-verifications v0.0.0-20220509155302-5976ca1fea3c h1:d+ClqzFcg15KyL85xN2JqUrz/6prRvcogxlXYLOTM+o=
github.com/gethugothemes/hugo-modules/seo-tools/site-verifications v0.0.0-20220509155302-5976ca1fea3c/go.mod h1:tHubpePaBJfKBbNA4TVluIFU6a8XnnR+PaTScpfZE2w=
github.com/gethugothemes/hugo-modules/seo-tools/site-verifications v0.0.0-20220520053131-d99d4624c934 h1:1oxF3hK9cuaPiRzp2GCLiWU7p6NNO/seFM+VEJcSzBQ=
github.com/gethugothemes/hugo-modules/seo-tools/site-verifications v0.0.0-20220520053131-d99d4624c934/go.mod h1:tHubpePaBJfKBbNA4TVluIFU6a8XnnR+PaTScpfZE2w=
github.com/gethugothemes/hugo-modules/seo-tools/site-verifications v0.0.0-20220928070555-df11ed43c2ec h1:shqEl58aIG8HQzRCImgU9wdF6U7kHV/LQ5+YFco6oFk=
github.com/gethugothemes/hugo-modules/seo-tools/site-verifications v0.0.0-20220928070555-df11ed43c2ec/go.mod h1:tHubpePaBJfKBbNA4TVluIFU6a8XnnR+PaTScpfZE2w=
github.com/gethugothemes/hugo-modules/shortcodes/buttons v0.0.0-20220419050442-4d0cbaa3f6dc h1:yeaKpqvkfF0u/rFIN4cH9BI7aHME9xgdbsk6Pviy5ys=
github.com/gethugothemes/hugo-modules/shortcodes/buttons v0.0.0-20220419050442-4d0cbaa3f6dc/go.mod h1:4KE94YGEyfAHgYJKmQhHVm4U6zF8udSNr0AyeAU1oCU=
github.com/gethugothemes/hugo-modules/shortcodes/buttons v0.0.0-20220509155302-5976ca1fea3c h1:G8CjwOfe0Y/fvGghz6/d9/y58rD5a/rJCzzfWbh2LSU=
github.com/gethugothemes/hugo-modules/shortcodes/buttons v0.0.0-20220509155302-5976ca1fea3c/go.mod h1:4KE94YGEyfAHgYJKmQhHVm4U6zF8udSNr0AyeAU1oCU=
github.com/gethugothemes/hugo-modules/shortcodes/buttons v0.0.0-20220520053131-d99d4624c934 h1:3iSMCO0/d2zj9nuiKE6Ap45upOQJU2X4+yOU7RP4hqc=
github.com/gethugothemes/hugo-modules/shortcodes/buttons v0.0.0-20220520053131-d99d4624c934/go.mod h1:4KE94YGEyfAHgYJKmQhHVm4U6zF8udSNr0AyeAU1oCU=
github.com/gethugothemes/hugo-modules/shortcodes/buttons v0.0.0-20220928070555-df11ed43c2ec h1:1bIFYw10fJ7kFJnr0RaC1PIX3Qp11a5t77l5DvZXdTs=
github.com/gethugothemes/hugo-modules/shortcodes/buttons v0.0.0-20220928070555-df11ed43c2ec/go.mod h1:4KE94YGEyfAHgYJKmQhHVm4U6zF8udSNr0AyeAU1oCU=
github.com/gethugothemes/hugo-modules/shortcodes/codepen v0.0.0-20220419050442-4d0cbaa3f6dc h1:brXl5fCCvC/S5dONea81nrlyZ8ol8jKWlFQ67aVeBDI=
github.com/gethugothemes/hugo-modules/shortcodes/codepen v0.0.0-20220419050442-4d0cbaa3f6dc/go.mod h1:sxfCbmKAcHTpApzOji672pLZ41YXy/Piy/L/rK5RnkI=
github.com/gethugothemes/hugo-modules/shortcodes/codepen v0.0.0-20220509155302-5976ca1fea3c h1:yjkxrRvRz+u/FMhdMH4VdCAfp7XxkndLc7YOWAVlQcc=
github.com/gethugothemes/hugo-modules/shortcodes/codepen v0.0.0-20220509155302-5976ca1fea3c/go.mod h1:sxfCbmKAcHTpApzOji672pLZ41YXy/Piy/L/rK5RnkI=
github.com/gethugothemes/hugo-modules/shortcodes/codepen v0.0.0-20220520053131-d99d4624c934 h1:V6KLhfTNG4OpYH6KrsEFlN84gR//nJTxlZYuXXsOSrQ=
github.com/gethugothemes/hugo-modules/shortcodes/codepen v0.0.0-20220520053131-d99d4624c934/go.mod h1:sxfCbmKAcHTpApzOji672pLZ41YXy/Piy/L/rK5RnkI=
github.com/gethugothemes/hugo-modules/shortcodes/codepen v0.0.0-20220928070555-df11ed43c2ec h1:ZTe+mZHTRXaSjKMoEl5HWL4SNSz//OQOZhp0p0YWWfY=
github.com/gethugothemes/hugo-modules/shortcodes/codepen v0.0.0-20220928070555-df11ed43c2ec/go.mod h1:sxfCbmKAcHTpApzOji672pLZ41YXy/Piy/L/rK5RnkI=
github.com/gethugothemes/hugo-modules/shortcodes/collapse v0.0.0-20220419050442-4d0cbaa3f6dc h1:kEC2GWeW+UMrRJUrLlT2/B584alHhlr3EShCDq0t1ns=
github.com/gethugothemes/hugo-modules/shortcodes/collapse v0.0.0-20220419050442-4d0cbaa3f6dc/go.mod h1:9Bq8rrzsHP0H4cnlGh9Jgx+Y+iof1+7CWK/a3nImHCc=
github.com/gethugothemes/hugo-modules/shortcodes/collapse v0.0.0-20220509155302-5976ca1fea3c h1:tF+VXcvPEFI6MGW9gG5nWbIyAB467c2ZFwVvbIym8ck=
github.com/gethugothemes/hugo-modules/shortcodes/collapse v0.0.0-20220509155302-5976ca1fea3c/go.mod h1:9Bq8rrzsHP0H4cnlGh9Jgx+Y+iof1+7CWK/a3nImHCc=
github.com/gethugothemes/hugo-modules/shortcodes/collapse v0.0.0-20220520053131-d99d4624c934 h1:a9em5CWmiyJu8pLIo1xhJ/aoij7LLtQDTZ2d2yaMzBg=
github.com/gethugothemes/hugo-modules/shortcodes/collapse v0.0.0-20220520053131-d99d4624c934/go.mod h1:9Bq8rrzsHP0H4cnlGh9Jgx+Y+iof1+7CWK/a3nImHCc=
github.com/gethugothemes/hugo-modules/shortcodes/collapse v0.0.0-20220928070555-df11ed43c2ec h1:HAGcRjed4Foct/ZIlMKOiJDPaYWcNE2BPyNK45mf4eo=
github.com/gethugothemes/hugo-modules/shortcodes/collapse v0.0.0-20220928070555-df11ed43c2ec/go.mod h1:9Bq8rrzsHP0H4cnlGh9Jgx+Y+iof1+7CWK/a3nImHCc=
github.com/gethugothemes/hugo-modules/shortcodes/gallery v0.0.0-20220419050442-4d0cbaa3f6dc h1:yKssd8z4ZjF3Lsa3mJuDyvpypWnV8LvdsMljXkPCUQk=
github.com/gethugothemes/hugo-modules/shortcodes/gallery v0.0.0-20220419050442-4d0cbaa3f6dc/go.mod h1:0IiyZojIP4jdCJjnFT7gAmPGzl/ZrAEN5fgZ1wcaWX4=
github.com/gethugothemes/hugo-modules/shortcodes/gallery v0.0.0-20220509155302-5976ca1fea3c h1:TFHtn56dsoAt/zzUWIVoEtNh9+XWeHV1WUY/Ya2mgFo=
github.com/gethugothemes/hugo-modules/shortcodes/gallery v0.0.0-20220509155302-5976ca1fea3c/go.mod h1:0IiyZojIP4jdCJjnFT7gAmPGzl/ZrAEN5fgZ1wcaWX4=
github.com/gethugothemes/hugo-modules/shortcodes/gallery v0.0.0-20220520053131-d99d4624c934 h1:JMWIDbTSIBZA01lr1Msjj8nb6Bg01PL811+YYIiHHbU=
github.com/gethugothemes/hugo-modules/shortcodes/gallery v0.0.0-20220520053131-d99d4624c934/go.mod h1:0IiyZojIP4jdCJjnFT7gAmPGzl/ZrAEN5fgZ1wcaWX4=
github.com/gethugothemes/hugo-modules/shortcodes/gallery v0.0.0-20220928070555-df11ed43c2ec h1:J9q6NoPTBIFLfCr3pQERemu6itZFyKi3MAyrGPpJQJw=
github.com/gethugothemes/hugo-modules/shortcodes/gallery v0.0.0-20220928070555-df11ed43c2ec/go.mod h1:0IiyZojIP4jdCJjnFT7gAmPGzl/ZrAEN5fgZ1wcaWX4=
github.com/gethugothemes/hugo-modules/shortcodes/image v0.0.0-20220419050442-4d0cbaa3f6dc h1:2D+LZWG1lRBsEYJiqDSn4p8Tnc4BgOytQtRAqbBJefM=
github.com/gethugothemes/hugo-modules/shortcodes/image v0.0.0-20220419050442-4d0cbaa3f6dc/go.mod h1:HQLF/WH52nSjSIo3DeztUZ+wLj+UlgeR2dwgtE2EqUg=
github.com/gethugothemes/hugo-modules/shortcodes/image v0.0.0-20220509155302-5976ca1fea3c h1:dra8YUAPnksZ0ce3d8Dw50/bYA17VsnAVGfkbGY18nQ=
github.com/gethugothemes/hugo-modules/shortcodes/image v0.0.0-20220509155302-5976ca1fea3c/go.mod h1:HQLF/WH52nSjSIo3DeztUZ+wLj+UlgeR2dwgtE2EqUg=
github.com/gethugothemes/hugo-modules/shortcodes/image v0.0.0-20220520053131-d99d4624c934 h1:rQqgeHPDEAp6k1/Z0ntIVwmfZWepODHcxFlSPOUT46c=
github.com/gethugothemes/hugo-modules/shortcodes/image v0.0.0-20220520053131-d99d4624c934/go.mod h1:HQLF/WH52nSjSIo3DeztUZ+wLj+UlgeR2dwgtE2EqUg=
github.com/gethugothemes/hugo-modules/shortcodes/image v0.0.0-20220928070555-df11ed43c2ec h1:7nTR6/t1VyUux13vfp2pQr27ZWp3bFHJt95z4EJGEnU=
github.com/gethugothemes/hugo-modules/shortcodes/image v0.0.0-20220928070555-df11ed43c2ec/go.mod h1:HQLF/WH52nSjSIo3DeztUZ+wLj+UlgeR2dwgtE2EqUg=
github.com/gethugothemes/hugo-modules/shortcodes/notice v0.0.0-20220419050442-4d0cbaa3f6dc h1:Jehr1bAokLRXxyU/Zc7R5hG9j9hUUocX3DIcxCBPMd4=
github.com/gethugothemes/hugo-modules/shortcodes/notice v0.0.0-20220419050442-4d0cbaa3f6dc/go.mod h1:n2yAJO6bRpUQ1KDyTZhYeL+0p18gslzqFaDjzDxUeyk=
github.com/gethugothemes/hugo-modules/shortcodes/notice v0.0.0-20220509155302-5976ca1fea3c h1:HytOuch+VjIsGi9W8lvrrCsGv1xuWzT6g/tG8luOg78=
github.com/gethugothemes/hugo-modules/shortcodes/notice v0.0.0-20220509155302-5976ca1fea3c/go.mod h1:n2yAJO6bRpUQ1KDyTZhYeL+0p18gslzqFaDjzDxUeyk=
github.com/gethugothemes/hugo-modules/shortcodes/notice v0.0.0-20220520053131-d99d4624c934 h1:7af4ekWcHupnECdD6sClHJ6ByZBtmzD0yUsE3qPng7U=
github.com/gethugothemes/hugo-modules/shortcodes/notice v0.0.0-20220520053131-d99d4624c934/go.mod h1:n2yAJO6bRpUQ1KDyTZhYeL+0p18gslzqFaDjzDxUeyk=
github.com/gethugothemes/hugo-modules/shortcodes/notice v0.0.0-20220928070555-df11ed43c2ec h1:zbebk/are146KN7awAh0HkBv23WDFSc/wdFhn36mStI=
github.com/gethugothemes/hugo-modules/shortcodes/notice v0.0.0-20220928070555-df11ed43c2ec/go.mod h1:n2yAJO6bRpUQ1KDyTZhYeL+0p18gslzqFaDjzDxUeyk=
github.com/gethugothemes/hugo-modules/shortcodes/table-of-contents v0.0.0-20220419050442-4d0cbaa3f6dc h1:eYhlScretOpTf6fBBA+E4rLRtld9Aju4vX5hlAK9GaQ=
github.com/gethugothemes/hugo-modules/shortcodes/table-of-contents v0.0.0-20220419050442-4d0cbaa3f6dc/go.mod h1:E23tqmkeXRMR8IU8hTpG2oPM23MqV2FvCMcR1Xhg7nk=
github.com/gethugothemes/hugo-modules/shortcodes/table-of-contents v0.0.0-20220509155302-5976ca1fea3c h1:hU20lIgcbK8yUZXwlZnfslGTUa14Rh0vA2/1TmO8pao=
github.com/gethugothemes/hugo-modules/shortcodes/table-of-contents v0.0.0-20220509155302-5976ca1fea3c/go.mod h1:E23tqmkeXRMR8IU8hTpG2oPM23MqV2FvCMcR1Xhg7nk=
github.com/gethugothemes/hugo-modules/shortcodes/table-of-contents v0.0.0-20220520053131-d99d4624c934 h1:THbpxAdcRMia7AlbhXS0yE+DB6bArYLnPG1jvwMm4Rs=
github.com/gethugothemes/hugo-modules/shortcodes/table-of-contents v0.0.0-20220520053131-d99d4624c934/go.mod h1:E23tqmkeXRMR8IU8hTpG2oPM23MqV2FvCMcR1Xhg7nk=
github.com/gethugothemes/hugo-modules/shortcodes/table-of-contents v0.0.0-20220928070555-df11ed43c2ec h1:IocAePxea1AGouy2IUUNhAylTieIMWdSQemNjLcBHrw=
github.com/gethugothemes/hugo-modules/shortcodes/table-of-contents v0.0.0-20220928070555-df11ed43c2ec/go.mod h1:E23tqmkeXRMR8IU8hTpG2oPM23MqV2FvCMcR1Xhg7nk=
github.com/gethugothemes/hugo-modules/shortcodes/tabs v0.0.0-20220419050442-4d0cbaa3f6dc h1:7OQuM79vG15osVcAi6cUi+KeZLlRehC1f54uoGsblaY=
github.com/gethugothemes/hugo-modules/shortcodes/tabs v0.0.0-20220419050442-4d0cbaa3f6dc/go.mod h1:1GbDNUufvDpQkk91HLfNsY041+1Y8q64ZJRNwreUhzY=
github.com/gethugothemes/hugo-modules/shortcodes/tabs v0.0.0-20220509155302-5976ca1fea3c h1:cY8WpgRYh4NNN3gaLzSn5fANMImmKJqdAI9Yyd5lnMw=
github.com/gethugothemes/hugo-modules/shortcodes/tabs v0.0.0-20220509155302-5976ca1fea3c/go.mod h1:1GbDNUufvDpQkk91HLfNsY041+1Y8q64ZJRNwreUhzY=
github.com/gethugothemes/hugo-modules/shortcodes/tabs v0.0.0-20220520053131-d99d4624c934 h1:uDMExs+9h8U8n2lbiieTX1GLEnO5R1FoY2+QEH8fNnM=
github.com/gethugothemes/hugo-modules/shortcodes/tabs v0.0.0-20220520053131-d99d4624c934/go.mod h1:1GbDNUufvDpQkk91HLfNsY041+1Y8q64ZJRNwreUhzY=
github.com/gethugothemes/hugo-modules/shortcodes/tabs v0.0.0-20220928070555-df11ed43c2ec h1:q5kk7NF7GXK6o+T36F8553nUMGBfwVWSs7T+UTIyziY=
github.com/gethugothemes/hugo-modules/shortcodes/tabs v0.0.0-20220928070555-df11ed43c2ec/go.mod h1:1GbDNUufvDpQkk91HLfNsY041+1Y8q64ZJRNwreUhzY=
github.com/gethugothemes/hugo-modules/shortcodes/video v0.0.0-20220419050442-4d0cbaa3f6dc h1:Sao/3Hrnm2HibMMSdv2mrLbNOMk73WwSgzO4bhlaAv4=
github.com/gethugothemes/hugo-modules/shortcodes/video v0.0.0-20220419050442-4d0cbaa3f6dc/go.mod h1:0CCU/WXfZEL5d9P/ygxCwIBoFk3O2eNf3g8KlX/2oBw=
github.com/gethugothemes/hugo-modules/shortcodes/video v0.0.0-20220509155302-5976ca1fea3c h1:XA9yhtnvT7mwKJaOuLWKzfT4fTjBf43RT9ERZ/UMlng=
github.com/gethugothemes/hugo-modules/shortcodes/video v0.0.0-20220509155302-5976ca1fea3c/go.mod h1:0CCU/WXfZEL5d9P/ygxCwIBoFk3O2eNf3g8KlX/2oBw=
github.com/gethugothemes/hugo-modules/shortcodes/video v0.0.0-20220520053131-d99d4624c934 h1:PgYNvc3Fwy4/ooroYvc2nlhOg0akxFsGZhUxuhj7B38=
github.com/gethugothemes/hugo-modules/shortcodes/video v0.0.0-20220520053131-d99d4624c934/go.mod h1:0CCU/WXfZEL5d9P/ygxCwIBoFk3O2eNf3g8KlX/2oBw=
github.com/gethugothemes/hugo-modules/shortcodes/video v0.0.0-20220928070555-df11ed43c2ec h1:ynzJfYilhvGl4YWWbWGY4/rfTWUh6eLkZ+pzuwv3nN0=
github.com/gethugothemes/hugo-modules/shortcodes/video v0.0.0-20220928070555-df11ed43c2ec/go.mod h1:0CCU/WXfZEL5d9P/ygxCwIBoFk3O2eNf3g8KlX/2oBw=
github.com/gethugothemes/hugo-modules/shortcodes/vimeo-lite v0.0.0-20220419050442-4d0cbaa3f6dc h1:WoU5cl3nLo4NAq8Y6m4wrlHlfUhQePuSXCG3/j8YrBo=
github.com/gethugothemes/hugo-modules/shortcodes/vimeo-lite v0.0.0-20220419050442-4d0cbaa3f6dc/go.mod h1:wwR/HpUs1unDwSpnBKqhjEj69zfkaSRXOYX+aDdyMzA=
github.com/gethugothemes/hugo-modules/shortcodes/vimeo-lite v0.0.0-20220509155302-5976ca1fea3c h1:XMOq2ZRa1F7zxy3uND9e+kctllDF05ADFKfJsehYdO8=
github.com/gethugothemes/hugo-modules/shortcodes/vimeo-lite v0.0.0-20220509155302-5976ca1fea3c/go.mod h1:wwR/HpUs1unDwSpnBKqhjEj69zfkaSRXOYX+aDdyMzA=
github.com/gethugothemes/hugo-modules/shortcodes/vimeo-lite v0.0.0-20220520053131-d99d4624c934 h1:cNU8ngfuGgKHJbQCV0yJlB3A3VEoCkVN8UHsE0g4vsE=
github.com/gethugothemes/hugo-modules/shortcodes/vimeo-lite v0.0.0-20220520053131-d99d4624c934/go.mod h1:wwR/HpUs1unDwSpnBKqhjEj69zfkaSRXOYX+aDdyMzA=
github.com/gethugothemes/hugo-modules/shortcodes/vimeo-lite v0.0.0-20220928070555-df11ed43c2ec h1:NHbztfTL+lNzZFGVLOchGoQK/WVFGVcwbcgCJdKK224=
github.com/gethugothemes/hugo-modules/shortcodes/vimeo-lite v0.0.0-20220928070555-df11ed43c2ec/go.mod h1:wwR/HpUs1unDwSpnBKqhjEj69zfkaSRXOYX+aDdyMzA=
github.com/gethugothemes/hugo-modules/shortcodes/youtube-lite v0.0.0-20220419050442-4d0cbaa3f6dc h1:paN9jZQgyy1Xe3DOnrMtmaxPnLbModu6k6wSaVHwJqA=
github.com/gethugothemes/hugo-modules/shortcodes/youtube-lite v0.0.0-20220419050442-4d0cbaa3f6dc/go.mod h1:PPyKn2XwfX8A8jt8J24w6XpTOFpsiDk6kz7/HfsF+Jc=
github.com/gethugothemes/hugo-modules/shortcodes/youtube-lite v0.0.0-20220509155302-5976ca1fea3c h1:MiZcD+4EIYdB8pqHwYBwr526+hMLPmX2qCpKAu/aKDo=
github.com/gethugothemes/hugo-modules/shortcodes/youtube-lite v0.0.0-20220509155302-5976ca1fea3c/go.mod h1:PPyKn2XwfX8A8jt8J24w6XpTOFpsiDk6kz7/HfsF+Jc=
github.com/gethugothemes/hugo-modules/shortcodes/youtube-lite v0.0.0-20220520053131-d99d4624c934 h1:sVBo9CesOregHOoeYwhUjV9slWRAOjGiErvGJq+jh4w=
github.com/gethugothemes/hugo-modules/shortcodes/youtube-lite v0.0.0-20220520053131-d99d4624c934/go.mod h1:PPyKn2XwfX8A8jt8J24w6XpTOFpsiDk6kz7/HfsF+Jc=
github.com/gethugothemes/hugo-modules/shortcodes/youtube-lite v0.0.0-20220928070555-df11ed43c2ec h1:7zUaAR4giJt/YM5/4JXtVW1ECIjQfKRTBGS1OVld7hU=
github.com/gethugothemes/hugo-modules/shortcodes/youtube-lite v0.0.0-20220928070555-df11ed43c2ec/go.mod h1:PPyKn2XwfX8A8jt8J24w6XpTOFpsiDk6kz7/HfsF+Jc=
github.com/gohugoio/hugo-mod-bootstrap-scss/v5 v5.20101.20300 h1:1Xe5fPOjFpMakBfsXKzzKtdu/sfqoM0o7JuSp2l1RiU=
github.com/gohugoio/hugo-mod-bootstrap-scss/v5 v5.20101.20300/go.mod h1:/FiWjAJyOiVrC2vDur97ogmWIaBB+YS6jH7nf6cm+3E=
github.com/gohugoio/hugo-mod-bootstrap-scss/v5 v5.20200.20100 h1:YfBUWb8p0QBkMjabA6bFhhzwbz37SBVW7b7OUCFgZUE=
github.com/gohugoio/hugo-mod-bootstrap-scss/v5 v5.20200.20100/go.mod h1:Z5Bhe4pfn8reoHhWqCQMWEAynLCIeBAt1TDwni4fipM=
github.com/gohugoio/hugo-mod-jslibs-dist/popperjs/v2 v2.21100.20000/go.mod h1:mFberT6ZtcchrsDtfvJM7aAH2bDKLdOnruUHl0hlapI=
github.com/twbs/bootstrap v5.1.3+incompatible/go.mod h1:fZTSrkpSf0/HkL0IIJzvVspTt1r9zuf7XlZau8kpcY0=
github.com/twbs/bootstrap v5.2.1+incompatible/go.mod h1:fZTSrkpSf0/HkL0IIJzvVspTt1r9zuf7XlZau8kpcY0=
